
Microsoft Visual Studio Solution File, Format Version 12.00
# Visual Studio 14
VisualStudioVersion = 14.0.24720.0
MinimumVisualStudioVersion = 10.0.40219.1
Project("{FAE04EC0-301F-11D3-BF4B-00C04F79EFBC}") = "VotGESLib", "VotGESLib\VotGESLib.csproj", "{C4806689-AB9A-4F1F-998A-97B67D0DC9FE}"
EndProject
Project("{2150E333-8FDC-42A3-9474-1A3956D46DE8}") = "Console", "Console", "{09D2F916-BE5F-4D37-830F-493AD15E4523}"
EndProject
Project("{FAE04EC0-301F-11D3-BF4B-00C04F79EFBC}") = "ClearDB", "MODBUS\ClearDB\ClearDB.csproj", "{5F8B715D-BB8B-4ACB-9244-D18907203364}"
EndProject
Project("{FAE04EC0-301F-11D3-BF4B-00C04F79EFBC}") = "ClearFolder", "MODBUS\ClearFolder\ClearFolder.csproj", "{9137EF5C-6DE3-4517-8CA2-A5723BA69B9E}"
EndProject
Project("{2150E333-8FDC-42A3-9474-1A3956D46DE8}") = "VotGES", "VotGES", "{1D39987A-4F1F-4A62-96C0-7936A23D7E79}"
EndProject
Project("{FAE04EC0-301F-11D3-BF4B-00C04F79EFBC}") = "DBConsole", "MODBUS\DBConsole\DBConsole.csproj", "{E0F62BE8-8C63-45F9-84C3-F645166A2FC3}"
EndProject
Project("{FAE04EC0-301F-11D3-BF4B-00C04F79EFBC}") = "ModbusConsole", "MODBUS\ModbusConsole\ModbusConsole.csproj", "{F937CDA3-73D9-4F5A-855E-447CD35E9EEF}"
EndProject
Project("{FAE04EC0-301F-11D3-BF4B-00C04F79EFBC}") = "ModbusLib", "MODBUS\ModbusLib\ModbusLib.csproj", "{4C8CEEC9-12D6-4092-BC0D-64BC9B16229B}"
EndProject
Project("{FAE04EC0-301F-11D3-BF4B-00C04F79EFBC}") = "MainSL", "VotGES\MainSL\MainSL.csproj", "{32D8A89A-EADA-4430-B89E-E3062C2B31F6}"
EndProject
Project("{FAE04EC0-301F-11D3-BF4B-00C04F79EFBC}") = "VotGES.Web", "VotGES\VotGES.Web\VotGES.Web.csproj", "{16BCD066-C421-4DEA-9035-FFA2EDA14B3A}"
EndProject
Project("{FAE04EC0-301F-11D3-BF4B-00C04F79EFBC}") = "KotmiLib", "KotmiLib\KotmiLib.csproj", "{BB39E10C-D274-4A68-9A6E-024D54ADDE53}"
EndProject
Global
	GlobalSection(SolutionConfigurationPlatforms) = preSolution
		Debug|Any CPU = Debug|Any CPU
		Debug|Mixed Platforms = Debug|Mixed Platforms
		Debug|x86 = Debug|x86
		Release|Any CPU = Release|Any CPU
		Release|Mixed Platforms = Release|Mixed Platforms
		Release|x86 = Release|x86
	EndGlobalSection
	GlobalSection(ProjectConfigurationPlatforms) = postSolution
		{C4806689-AB9A-4F1F-998A-97B67D0DC9FE}.Debug|Any CPU.ActiveCfg = Debug|Any CPU
		{C4806689-AB9A-4F1F-998A-97B67D0DC9FE}.Debug|Any CPU.Build.0 = Debug|Any CPU
		{C4806689-AB9A-4F1F-998A-97B67D0DC9FE}.Debug|Mixed Platforms.ActiveCfg = Debug|Any CPU
		{C4806689-AB9A-4F1F-998A-97B67D0DC9FE}.Debug|Mixed Platforms.Build.0 = Debug|Any CPU
		{C4806689-AB9A-4F1F-998A-97B67D0DC9FE}.Debug|x86.ActiveCfg = Debug|Any CPU
		{C4806689-AB9A-4F1F-998A-97B67D0DC9FE}.Release|Any CPU.ActiveCfg = Release|Any CPU
		{C4806689-AB9A-4F1F-998A-97B67D0DC9FE}.Release|Any CPU.Build.0 = Release|Any CPU
		{C4806689-AB9A-4F1F-998A-97B67D0DC9FE}.Release|Mixed Platforms.ActiveCfg = Release|Any CPU
		{C4806689-AB9A-4F1F-998A-97B67D0DC9FE}.Release|Mixed Platforms.Build.0 = Release|Any CPU
		{C4806689-AB9A-4F1F-998A-97B67D0DC9FE}.Release|x86.ActiveCfg = Release|Any CPU
		{5F8B715D-BB8B-4ACB-9244-D18907203364}.Debug|Any CPU.ActiveCfg = Debug|x86
		{5F8B715D-BB8B-4ACB-9244-D18907203364}.Debug|Mixed Platforms.ActiveCfg = Debug|x86
		{5F8B715D-BB8B-4ACB-9244-D18907203364}.Debug|Mixed Platforms.Build.0 = Debug|x86
		{5F8B715D-BB8B-4ACB-9244-D18907203364}.Debug|x86.ActiveCfg = Debug|x86
		{5F8B715D-BB8B-4ACB-9244-D18907203364}.Debug|x86.Build.0 = Debug|x86
		{5F8B715D-BB8B-4ACB-9244-D18907203364}.Release|Any CPU.ActiveCfg = Release|x86
		{5F8B715D-BB8B-4ACB-9244-D18907203364}.Release|Mixed Platforms.ActiveCfg = Release|x86
		{5F8B715D-BB8B-4ACB-9244-D18907203364}.Release|Mixed Platforms.Build.0 = Release|x86
		{5F8B715D-BB8B-4ACB-9244-D18907203364}.Release|x86.ActiveCfg = Release|x86
		{5F8B715D-BB8B-4ACB-9244-D18907203364}.Release|x86.Build.0 = Release|x86
		{9137EF5C-6DE3-4517-8CA2-A5723BA69B9E}.Debug|Any CPU.ActiveCfg = Debug|x86
		{9137EF5C-6DE3-4517-8CA2-A5723BA69B9E}.Debug|Mixed Platforms.ActiveCfg = Debug|x86
		{9137EF5C-6DE3-4517-8CA2-A5723BA69B9E}.Debug|Mixed Platforms.Build.0 = Debug|x86
		{9137EF5C-6DE3-4517-8CA2-A5723BA69B9E}.Debug|x86.ActiveCfg = Debug|x86
		{9137EF5C-6DE3-4517-8CA2-A5723BA69B9E}.Debug|x86.Build.0 = Debug|x86
		{9137EF5C-6DE3-4517-8CA2-A5723BA69B9E}.Release|Any CPU.ActiveCfg = Release|x86
		{9137EF5C-6DE3-4517-8CA2-A5723BA69B9E}.Release|Mixed Platforms.ActiveCfg = Release|x86
		{9137EF5C-6DE3-4517-8CA2-A5723BA69B9E}.Release|Mixed Platforms.Build.0 = Release|x86
		{9137EF5C-6DE3-4517-8CA2-A5723BA69B9E}.Release|x86.ActiveCfg = Release|x86
		{9137EF5C-6DE3-4517-8CA2-A5723BA69B9E}.Release|x86.Build.0 = Release|x86
		{E0F62BE8-8C63-45F9-84C3-F645166A2FC3}.Debug|Any CPU.ActiveCfg = Debug|x86
		{E0F62BE8-8C63-45F9-84C3-F645166A2FC3}.Debug|Mixed Platforms.ActiveCfg = Debug|x86
		{E0F62BE8-8C63-45F9-84C3-F645166A2FC3}.Debug|Mixed Platforms.Build.0 = Debug|x86
		{E0F62BE8-8C63-45F9-84C3-F645166A2FC3}.Debug|x86.ActiveCfg = Debug|x86
		{E0F62BE8-8C63-45F9-84C3-F645166A2FC3}.Debug|x86.Build.0 = Debug|x86
		{E0F62BE8-8C63-45F9-84C3-F645166A2FC3}.Release|Any CPU.ActiveCfg = Release|x86
		{E0F62BE8-8C63-45F9-84C3-F645166A2FC3}.Release|Mixed Platforms.ActiveCfg = Release|x86
		{E0F62BE8-8C63-45F9-84C3-F645166A2FC3}.Release|Mixed Platforms.Build.0 = Release|x86
		{E0F62BE8-8C63-45F9-84C3-F645166A2FC3}.Release|x86.ActiveCfg = Release|x86
		{E0F62BE8-8C63-45F9-84C3-F645166A2FC3}.Release|x86.Build.0 = Release|x86
		{F937CDA3-73D9-4F5A-855E-447CD35E9EEF}.Debug|Any CPU.ActiveCfg = Debug|x86
		{F937CDA3-73D9-4F5A-855E-447CD35E9EEF}.Debug|Mixed Platforms.ActiveCfg = Debug|x86
		{F937CDA3-73D9-4F5A-855E-447CD35E9EEF}.Debug|Mixed Platforms.Build.0 = Debug|x86
		{F937CDA3-73D9-4F5A-855E-447CD35E9EEF}.Debug|x86.ActiveCfg = Debug|x86
		{F937CDA3-73D9-4F5A-855E-447CD35E9EEF}.Debug|x86.Build.0 = Debug|x86
		{F937CDA3-73D9-4F5A-855E-447CD35E9EEF}.Release|Any CPU.ActiveCfg = Release|x86
		{F937CDA3-73D9-4F5A-855E-447CD35E9EEF}.Release|Mixed Platforms.ActiveCfg = Release|x86
		{F937CDA3-73D9-4F5A-855E-447CD35E9EEF}.Release|Mixed Platforms.Build.0 = Release|x86
		{F937CDA3-73D9-4F5A-855E-447CD35E9EEF}.Release|x86.ActiveCfg = Release|x86
		{F937CDA3-73D9-4F5A-855E-447CD35E9EEF}.Release|x86.Build.0 = Release|x86
		{4C8CEEC9-12D6-4092-BC0D-64BC9B16229B}.Debug|Any CPU.ActiveCfg = Debug|Any CPU
		{4C8CEEC9-12D6-4092-BC0D-64BC9B16229B}.Debug|Any CPU.Build.0 = Debug|Any CPU
		{4C8CEEC9-12D6-4092-BC0D-64BC9B16229B}.Debug|Mixed Platforms.ActiveCfg = Debug|Any CPU
		{4C8CEEC9-12D6-4092-BC0D-64BC9B16229B}.Debug|Mixed Platforms.Build.0 = Debug|Any CPU
		{4C8CEEC9-12D6-4092-BC0D-64BC9B16229B}.Debug|x86.ActiveCfg = Debug|Any CPU
		{4C8CEEC9-12D6-4092-BC0D-64BC9B16229B}.Release|Any CPU.ActiveCfg = Release|Any CPU
		{4C8CEEC9-12D6-4092-BC0D-64BC9B16229B}.Release|Any CPU.Build.0 = Release|Any CPU
		{4C8CEEC9-12D6-4092-BC0D-64BC9B16229B}.Release|Mixed Platforms.ActiveCfg = Release|Any CPU
		{4C8CEEC9-12D6-4092-BC0D-64BC9B16229B}.Release|Mixed Platforms.Build.0 = Release|Any CPU
		{4C8CEEC9-12D6-4092-BC0D-64BC9B16229B}.Release|x86.ActiveCfg = Release|Any CPU
		{32D8A89A-EADA-4430-B89E-E3062C2B31F6}.Debug|Any CPU.ActiveCfg = Debug|Any CPU
		{32D8A89A-EADA-4430-B89E-E3062C2B31F6}.Debug|Any CPU.Build.0 = Debug|Any CPU
		{32D8A89A-EADA-4430-B89E-E3062C2B31F6}.Debug|Mixed Platforms.ActiveCfg = Debug|Any CPU
		{32D8A89A-EADA-4430-B89E-E3062C2B31F6}.Debug|Mixed Platforms.Build.0 = Debug|Any CPU
		{32D8A89A-EADA-4430-B89E-E3062C2B31F6}.Debug|x86.ActiveCfg = Debug|Any CPU
		{32D8A89A-EADA-4430-B89E-E3062C2B31F6}.Release|Any CPU.ActiveCfg = Release|Any CPU
		{32D8A89A-EADA-4430-B89E-E3062C2B31F6}.Release|Any CPU.Build.0 = Release|Any CPU
		{32D8A89A-EADA-4430-B89E-E3062C2B31F6}.Release|Mixed Platforms.ActiveCfg = Release|Any CPU
		{32D8A89A-EADA-4430-B89E-E3062C2B31F6}.Release|Mixed Platforms.Build.0 = Release|Any CPU
		{32D8A89A-EADA-4430-B89E-E3062C2B31F6}.Release|x86.ActiveCfg = Release|Any CPU
		{16BCD066-C421-4DEA-9035-FFA2EDA14B3A}.Debug|Any CPU.ActiveCfg = Debug|Any CPU
		{16BCD066-C421-4DEA-9035-FFA2EDA14B3A}.Debug|Any CPU.Build.0 = Debug|Any CPU
		{16BCD066-C421-4DEA-9035-FFA2EDA14B3A}.Debug|Mixed Platforms.ActiveCfg = Debug|Any CPU
		{16BCD066-C421-4DEA-9035-FFA2EDA14B3A}.Debug|Mixed Platforms.Build.0 = Debug|Any CPU
		{16BCD066-C421-4DEA-9035-FFA2EDA14B3A}.Debug|x86.ActiveCfg = Debug|Any CPU
		{16BCD066-C421-4DEA-9035-FFA2EDA14B3A}.Release|Any CPU.ActiveCfg = Release|Any CPU
		{16BCD066-C421-4DEA-9035-FFA2EDA14B3A}.Release|Any CPU.Build.0 = Release|Any CPU
		{16BCD066-C421-4DEA-9035-FFA2EDA14B3A}.Release|Mixed Platforms.ActiveCfg = Release|Any CPU
		{16BCD066-C421-4DEA-9035-FFA2EDA14B3A}.Release|Mixed Platforms.Build.0 = Release|Any CPU
		{16BCD066-C421-4DEA-9035-FFA2EDA14B3A}.Release|x86.ActiveCfg = Release|Any CPU
		{BB39E10C-D274-4A68-9A6E-024D54ADDE53}.Debug|Any CPU.ActiveCfg = Debug|Any CPU
		{BB39E10C-D274-4A68-9A6E-024D54ADDE53}.Debug|Any CPU.Build.0 = Debug|Any CPU
		{BB39E10C-D274-4A68-9A6E-024D54ADDE53}.Debug|Mixed Platforms.ActiveCfg = Debug|Any CPU
		{BB39E10C-D274-4A68-9A6E-024D54ADDE53}.Debug|Mixed Platforms.Build.0 = Debug|Any CPU
		{BB39E10C-D274-4A68-9A6E-024D54ADDE53}.Debug|x86.ActiveCfg = Debug|Any CPU
		{BB39E10C-D274-4A68-9A6E-024D54ADDE53}.Debug|x86.Build.0 = Debug|Any CPU
		{BB39E10C-D274-4A68-9A6E-024D54ADDE53}.Release|Any CPU.ActiveCfg = Release|Any CPU
		{BB39E10C-D274-4A68-9A6E-024D54ADDE53}.Release|Any CPU.Build.0 = Release|Any CPU
		{BB39E10C-D274-4A68-9A6E-024D54ADDE53}.Release|Mixed Platforms.ActiveCfg = Release|Any CPU
		{BB39E10C-D274-4A68-9A6E-024D54ADDE53}.Release|Mixed Platforms.Build.0 = Release|Any CPU
		{BB39E10C-D274-4A68-9A6E-024D54ADDE53}.Release|x86.ActiveCfg = Release|Any CPU
		{BB39E10C-D274-4A68-9A6E-024D54ADDE53}.Release|x86.Build.0 = Release|Any CPU
	EndGlobalSection
	GlobalSection(SolutionProperties) = preSolution
		HideSolutionNode = FALSE
	EndGlobalSection
	GlobalSection(NestedProjects) = preSolution
		{5F8B715D-BB8B-4ACB-9244-D18907203364} = {09D2F916-BE5F-4D37-830F-493AD15E4523}
		{9137EF5C-6DE3-4517-8CA2-A5723BA69B9E} = {09D2F916-BE5F-4D37-830F-493AD15E4523}
		{E0F62BE8-8C63-45F9-84C3-F645166A2FC3} = {09D2F916-BE5F-4D37-830F-493AD15E4523}
		{F937CDA3-73D9-4F5A-855E-447CD35E9EEF} = {09D2F916-BE5F-4D37-830F-493AD15E4523}
		{4C8CEEC9-12D6-4092-BC0D-64BC9B16229B} = {09D2F916-BE5F-4D37-830F-493AD15E4523}
		{32D8A89A-EADA-4430-B89E-E3062C2B31F6} = {1D39987A-4F1F-4A62-96C0-7936A23D7E79}
		{16BCD066-C421-4DEA-9035-FFA2EDA14B3A} = {1D39987A-4F1F-4A62-96C0-7936A23D7E79}
	EndGlobalSection
EndGlobal
